<?xml version="1.0" encoding="utf-8"?>
<Project ToolsVersion="16.0" xmlns="http://schemas.microsoft.com/developer/msbuild/2003">
  <ItemGroup>
    <ClCompile Include="F:\work\BulletsTest\src\main.cpp">
      <Filter>Source Files</Filter>
    </ClCompile>
    <ClCompile Include="F:\work\BulletsTest\src\Common.cpp">
      <Filter>Source Files</Filter>
    </ClCompile>
    <ClCompile Include="F:\work\BulletsTest\src\BulletManager.cpp">
      <Filter>Source Files</Filter>
    </ClCompile>
    <ClCompile Include="F:\work\BulletsTest\src\Graphics.cpp">
      <Filter>Source Files</Filter>
    </ClCompile>
  </ItemGroup>
  <ItemGroup>
    <ClInclude Include="F:\work\BulletsTest\src\ParallelUtils.h">
      <Filter>Header Files</Filter>
    </ClInclude>
    <ClInclude Include="F:\work\BulletsTest\src\Common.h">
      <Filter>Header Files</Filter>
    </ClInclude>
    <ClInclude Include="F:\work\BulletsTest\src\BulletManager.h">
      <Filter>Header Files</Filter>
    </ClInclude>
    <ClInclude Include="F:\work\BulletsTest\src\Graphics.h">
      <Filter>Header Files</Filter>
    </ClInclude>
  </ItemGroup>
  <ItemGroup>
    <CustomBuild Include="F:\work\BulletsTest\CMakeLists.txt" />
  </ItemGroup>
  <ItemGroup>
    <Filter Include="Header Files">
      <UniqueIdentifier>{CA8990DA-32E6-3FB3-B093-EFBD9E89D3FE}</UniqueIdentifier>
    </Filter>
    <Filter Include="Source Files">
      <UniqueIdentifier>{DF2C0790-624B-35F8-8E7E-63A168F6B45D}</UniqueIdentifier>
    </Filter>
  </ItemGroup>
</Project>
